// !$*UTF8*$!
{
	archiveVersion = 1;
	classes = {
	};
	objectVersion = 60;
	objects = {

/* Begin PBXBuildFile section */
		2553F0202A9AF3B600F07A3A /* AppDelegate.swift in Sources */ = {isa = PBXBuildFile; fileRef = 2553F01F2A9AF3B600F07A3A /* AppDelegate.swift */; };
		2553F0222A9AF3B600F07A3A /* SceneDelegate.swift in Sources */ = {isa = PBXBuildFile; fileRef = 2553F0212A9AF3B600F07A3A /* SceneDelegate.swift */; };
		2553F0292A9AF3B700F07A3A /* Assets.xcassets in Resources */ = {isa = PBXBuildFile; fileRef = 2553F0282A9AF3B700F07A3A /* Assets.xcassets */; };
		2553F02C2A9AF3B700F07A3A /* LaunchScreen.storyboard in Resources */ = {isa = PBXBuildFile; fileRef = 2553F02A2A9AF3B700F07A3A /* LaunchScreen.storyboard */; };
		256524DD2AA4273300D06305 /* ViewComponent.swift in Sources */ = {isa = PBXBuildFile; fileRef = 256524DC2AA4273300D06305 /* ViewComponent.swift */; };
		256524DF2AA44D7D00D06305 /* Extensions.swift in Sources */ = {isa = PBXBuildFile; fileRef = 256524DE2AA44D7D00D06305 /* Extensions.swift */; };
		256524E12AA451D800D06305 /* DisclaimerViewController.swift in Sources */ = {isa = PBXBuildFile; fileRef = 256524E02AA451D800D06305 /* DisclaimerViewController.swift */; };
		256524EC2AA4659900D06305 /* VoirBuilder in Frameworks */ = {isa = PBXBuildFile; productRef = 256524EB2AA4659900D06305 /* VoirBuilder */; };
		25D3B3ED2A9B021400761DC8 /* ViewController.swift in Sources */ = {isa = PBXBuildFile; fileRef = 25D3B3EC2A9B021400761DC8 /* ViewController.swift */; };
/* End PBXBuildFile section */

/* Begin PBXFileReference section */
		2553F01C2A9AF3B600F07A3A /* VoirBuilderDemo.app */ = {isa = PBXFileReference; explicitFileType = wrapper.application; includeInIndex = 0; path = VoirBuilderDemo.app; sourceTree = BUILT_PRODUCTS_DIR; };
		2553F01F2A9AF3B600F07A3A /* AppDelegate.swift */ = {isa = PBXFileReference; lastKnownFileType = sourcecode.swift; path = AppDelegate.swift; sourceTree = "<group>"; };
		2553F0212A9AF3B600F07A3A /* SceneDelegate.swift */ = {isa = PBXFileReference; lastKnownFileType = sourcecode.swift; path = SceneDelegate.swift; sourceTree = "<group>"; };
		2553F0282A9AF3B700F07A3A /* Assets.xcassets */ = {isa = PBXFileReference; lastKnownFileType = folder.assetcatalog; path = Assets.xcassets; sourceTree = "<group>"; };
		2553F02B2A9AF3B700F07A3A /* Base */ = {isa = PBXFileReference; lastKnownFileType = file.storyboard; name = Base; path = Base.lproj/LaunchScreen.storyboard; sourceTree = "<group>"; };
		2553F02D2A9AF3B700F07A3A /* Info.plist */ = {isa = PBXFileReference; lastKnownFileType = text.plist.xml; path = Info.plist; sourceTree = "<group>"; };
		256524D72AA4259300D06305 /* VoirBuilderDemo.xctestplan */ = {isa = PBXFileReference; lastKnownFileType = text; path = VoirBuilderDemo.xctestplan; sourceTree = "<group>"; };
		256524DC2AA4273300D06305 /* ViewComponent.swift */ = {isa = PBXFileReference; lastKnownFileType = sourcecode.swift; path = ViewComponent.swift; sourceTree = "<group>"; };
		256524DE2AA44D7D00D06305 /* Extensions.swift */ = {isa = PBXFileReference; lastKnownFileType = sourcecode.swift; path = Extensions.swift; sourceTree = "<group>"; };
		256524E02AA451D800D06305 /* DisclaimerViewController.swift */ = {isa = PBXFileReference; lastKnownFileType = sourcecode.swift; path = DisclaimerViewController.swift; sourceTree = "<group>"; };
		25D3B3EC2A9B021400761DC8 /* ViewController.swift */ = {isa = PBXFileReference; lastKnownFileType = sourcecode.swift; path = ViewController.swift; sourceTree = "<group>"; };
/* End PBXFileReference section */

/* Begin PBXFrameworksBuildPhase section */
		2553F0192A9AF3B600F07A3A /* Frameworks */ = {
			isa = PBXFrameworksBuildPhase;
			buildActionMask = 2147483647;
			files = (
				256524EC2AA4659900D06305 /* VoirBuilder in Frameworks */,
			);
			runOnlyForDeploymentPostprocessing = 0;
		};
/* End PBXFrameworksBuildPhase section */

/* Begin PBXGroup section */
		2553F0132A9AF3B600F07A3A = {
			isa = PBXGroup;
			children = (
				256524D72AA4259300D06305 /* VoirBuilderDemo.xctestplan */,
				2553F01E2A9AF3B600F07A3A /* VoirDemo */,
				2553F01D2A9AF3B600F07A3A /* Products */,
				258485512A9D3AD2004D6F59 /* Frameworks */,
			);
			sourceTree = "<group>";
		};
		2553F01D2A9AF3B600F07A3A /* Products */ = {
			isa = PBXGroup;
			children = (
				2553F01C2A9AF3B600F07A3A /* VoirBuilderDemo.app */,
			);
			name = Products;
			sourceTree = "<group>";
		};
		2553F01E2A9AF3B600F07A3A /* VoirDemo */ = {
			isa = PBXGroup;
			children = (
				25D3B3F12A9B09E900761DC8 /* Application */,
				25D3B3E42A9B01BF00761DC8 /* View */,
			);
			path = VoirDemo;
			sourceTree = "<group>";
		};
		258485512A9D3AD2004D6F59 /* Frameworks */ = {
			isa = PBXGroup;
			children = (
			);
			name = Frameworks;
			sourceTree = "<group>";
		};
		25D3B3E42A9B01BF00761DC8 /* View */ = {
			isa = PBXGroup;
			children = (
				256524E02AA451D800D06305 /* DisclaimerViewController.swift */,
				256524DE2AA44D7D00D06305 /* Extensions.swift */,
				256524DC2AA4273300D06305 /* ViewComponent.swift */,
				25D3B3EC2A9B021400761DC8 /* ViewController.swift */,
			);
			path = View;
			sourceTree = "<group>";
		};
		25D3B3F12A9B09E900761DC8 /* Application */ = {
			isa = PBXGroup;
			children = (
				25D3B3F22A9B09F900761DC8 /* Resources */,
				2553F02D2A9AF3B700F07A3A /* Info.plist */,
				2553F01F2A9AF3B600F07A3A /* AppDelegate.swift */,
				2553F0212A9AF3B600F07A3A /* SceneDelegate.swift */,
			);
			path = Application;
			sourceTree = "<group>";
		};
		25D3B3F22A9B09F900761DC8 /* Resources */ = {
			isa = PBXGroup;
			children = (
				2553F0282A9AF3B700F07A3A /* Assets.xcassets */,
				2553F02A2A9AF3B700F07A3A /* LaunchScreen.storyboard */,
			);
			path = Resources;
			sourceTree = "<group>";
		};
/* End PBXGroup section */

/* Begin PBXNativeTarget section */
		2553F01B2A9AF3B600F07A3A /* VoirBuilderDemo */ = {
			isa = PBXNativeTarget;
			buildConfigurationList = 2553F0302A9AF3B700F07A3A /* Build configuration list for PBXNativeTarget "VoirBuilderDemo" */;
			buildPhases = (
				2553F0182A9AF3B600F07A3A /* Sources */,
				2553F0192A9AF3B600F07A3A /* Frameworks */,
				2553F01A2A9AF3B600F07A3A /* Resources */,
			);
			buildRules = (
			);
			dependencies = (
			);
			name = VoirBuilderDemo;
			packageProductDependencies = (
				256524EB2AA4659900D06305 /* VoirBuilder */,
			);
			productName = VoirDemo;
			productReference = 2553F01C2A9AF3B600F07A3A /* VoirBuilderDemo.app */;
			productType = "com.apple.product-type.application";
		};
/* End PBXNativeTarget section */

/* Begin PBXProject section */
		2553F0142A9AF3B600F07A3A /* Project object */ = {
			isa = PBXProject;
			attributes = {
				BuildIndependentTargetsInParallel = 1;
				LastSwiftUpdateCheck = 1500;
				LastUpgradeCheck = 1500;
				TargetAttributes = {
					2553F01B2A9AF3B600F07A3A = {
						CreatedOnToolsVersion = 15.0;
					};
				};
			};
			buildConfigurationList = 2553F0172A9AF3B600F07A3A /* Build configuration list for PBXProject "VoirBuilderDemo" */;
			compatibilityVersion = "Xcode 14.0";
			developmentRegion = en;
			hasScannedForEncodings = 0;
			knownRegions = (
				en,
				Base,
			);
			mainGroup = 2553F0132A9AF3B600F07A3A;
			packageReferences = (
				256524EA2AA4659900D06305 /* XCLocalSwiftPackageReference "../.." */,
			);
			productRefGroup = 2553F01D2A9AF3B600F07A3A /* Products */;
			projectDirPath = "";
			projectRoot = "";
			targets = (
				2553F01B2A9AF3B600F07A3A /* VoirBuilderDemo */,
			);
		};
/* End PBXProject section */

/* Begin PBXResourcesBuildPhase section */
		2553F01A2A9AF3B600F07A3A /* Resources */ = {
			isa = PBXResourcesBuildPhase;
			buildActionMask = 2147483647;
			files = (
				2553F02C2A9AF3B700F07A3A /* LaunchScreen.storyboard in Resources */,
				2553F0292A9AF3B700F07A3A /* Assets.xcassets in Resources */,
			);
			runOnlyForDeploymentPostprocessing = 0;
		};
/* End PBXResourcesBuildPhase section */

/* Begin PBXSourcesBuildPhase section */
		2553F0182A9AF3B600F07A3A /* Sources */ = {
			isa = PBXSourcesBuildPhase;
			buildActionMask = 2147483647;
			files = (
				256524DF2AA44D7D00D06305 /* Extensions.swift in Sources */,
				256524DD2AA4273300D06305 /* ViewComponent.swift in Sources */,
				25D3B3ED2A9B021400761DC8 /* ViewController.swift in Sources */,
				2553F0202A9AF3B600F07A3A /* AppDelegate.swift in Sources */,
				2553F0222A9AF3B600F07A3A /* SceneDelegate.swift in Sources */,
				256524E12AA451D800D06305 /* DisclaimerViewController.swift in Sources */,
			);
			runOnlyForDeploymentPostprocessing = 0;
		};
/* End PBXSourcesBuildPhase section */

/* Begin PBXVariantGroup section */
		2553F02A2A9AF3B700F07A3A /* LaunchScreen.storyboard */ = {
			isa = PBXVariantGroup;
			children = (
				2553F02B2A9AF3B700F07A3A /* Base */,
			);
			name = LaunchScreen.storyboard;
			sourceTree = "<group>";
		};
/* End PBXVariantGroup section */

/* Begin XCBuildConfiguration section */
		2553F02E2A9AF3B700F07A3A /* Debug */ = {
			isa = XCBuildConfiguration;
			buildSettings = {
				ALWAYS_SEARCH_USER_PATHS = NO;
				ASSETCATALOG_COMPILER_GENERATE_SWIFT_ASSET_SYMBOL_EXTENSIONS = YES;
				CLANG_ANALYZER_NONNULL = YES;
				CLANG_ANALYZER_NUMBER_OBJECT_CONVERSION = YES_AGGRESSIVE;
				CLANG_CXX_LANGUAGE_STANDARD = "gnu++20";
				CLANG_ENABLE_MODULES = YES;
				CLANG_ENABLE_OBJC_ARC = YES;
				CLANG_ENABLE_OBJC_WEAK = YES;
				CLANG_WARN_BLOCK_CAPTURE_AUTORELEASING = YES;
				CLANG_WARN_BOOL_CONVERSION = YES;
				CLANG_WARN_COMMA = YES;
				CLANG_WARN_CONSTANT_CONVERSION = YES;
				CLANG_WARN_DEPRECATED_OBJC_IMPLEMENTATIONS = YES;
				CLANG_WARN_DIRECT_OBJC_ISA_USAGE = YES_ERROR;
				CLANG_WARN_DOCUMENTATION_COMMENTS = YES;
				CLANG_WARN_EMPTY_BODY = YES;
				CLANG_WARN_ENUM_CONVERSION = YES;
				CLANG_WARN_INFINITE_RECURSION = YES;
				CLANG_WARN_INT_CONVERSION = YES;
				CLANG_WARN_NON_LITERAL_NULL_CONVERSION = YES;
				CLANG_WARN_OBJC_IMPLICIT_RETAIN_SELF = YES;
				CLANG_WARN_OBJC_LITERAL_CONVERSION = YES;
				CLANG_WARN_OBJC_ROOT_CLASS = YES_ERROR;
				CLANG_WARN_QUOTED_INCLUDE_IN_FRAMEWORK_HEADER = YES;
				CLANG_WARN_RANGE_LOOP_ANALYSIS = YES;
				CLANG_WARN_STRICT_PROTOTYPES = YES;
				CLANG_WARN_SUSPICIOUS_MOVE = YES;
				CLANG_WARN_UNGUARDED_AVAILABILITY = YES_AGGRESSIVE;
				CLANG_WARN_UNREACHABLE_CODE = YES;
				CLANG_WARN__DUPLICATE_METHOD_MATCH = YES;
				COPY_PHASE_STRIP = NO;
				DEBUG_INFORMATION_FORMAT = dwarf;
				ENABLE_STRICT_OBJC_MSGSEND = YES;
				ENABLE_TESTABILITY = YES;
				ENABLE_USER_SCRIPT_SANDBOXING = YES;
				GCC_C_LANGUAGE_STANDARD = gnu17;
				GCC_DYNAMIC_NO_PIC = NO;
				GCC_NO_COMMON_BLOCKS = YES;
				GCC_OPTIMIZATION_LEVEL = 0;
				GCC_PREPROCESSOR_DEFINITIONS = (
					"DEBUG=1",
					"$(inherited)",
				);
				GCC_WARN_64_TO_32_BIT_CONVERSION = YES;
				GCC_WARN_ABOUT_RETURN_TYPE = YES_ERROR;
				GCC_WARN_UNDECLARED_SELECTOR = YES;
				GCC_WARN_UNINITIALIZED_AUTOS = YES_AGGRESSIVE;
				GCC_WARN_UNUSED_FUNCTION = YES;
				GCC_WARN_UNUSED_VARIABLE = YES;
				IPHONEOS_DEPLOYMENT_TARGET = 14.0;
				LOCALIZATION_PREFERS_STRING_CATALOGS = YES;
				MTL_ENABLE_DEBUG_INFO = INCLUDE_SOURCE;
				MTL_FAST_MATH = YES;
				ONLY_ACTIVE_ARCH = YES;
				SDKROOT = iphoneos;
				SWIFT_ACTIVE_COMPILATION_CONDITIONS = "DEBUG $(inherited)";
				SWIFT_OPTIMIZATION_LEVEL = "-Onone";
			};
			name = Debug;
		};
		2553F02F2A9AF3B700F07A3A /* Release */ = {
			isa = XCBuildConfiguration;
			buildSettings = {
				ALWAYS_SEARCH_USER_PATHS = NO;
				ASSETCATALOG_COMPILER_GENERATE_SWIFT_ASSET_SYMBOL_EXTENSIONS = YES;
				CLANG_ANALYZER_NONNULL = YES;
				CLANG_ANALYZER_NUMBER_OBJECT_CONVERSION = YES_AGGRESSIVE;
				CLANG_CXX_LANGUAGE_STANDARD = "gnu++20";
				CLANG_ENABLE_MODULES = YES;
				CLANG_ENABLE_OBJC_ARC = YES;
				CLANG_ENABLE_OBJC_WEAK = YES;
				CLANG_WARN_BLOCK_CAPTURE_AUTORELEASING = YES;
				CLANG_WARN_BOOL_CONVERSION = YES;
				CLANG_WARN_COMMA = YES;
				CLANG_WARN_CONSTANT_CONVERSION = YES;
				CLANG_WARN_DEPRECATED_OBJC_IMPLEMENTATIONS = YES;
				CLANG_WARN_DIRECT_OBJC_ISA_USAGE = YES_ERROR;
				CLANG_WARN_DOCUMENTATION_COMMENTS = YES;
				CLANG_WARN_EMPTY_BODY = YES;
				CLANG_WARN_ENUM_CONVERSION = YES;
				CLANG_WARN_INFINITE_RECURSION = YES;
				CLANG_WARN_INT_CONVERSION = YES;
				CLANG_WARN_NON_LITERAL_NULL_CONVERSION = YES;
				CLANG_WARN_OBJC_IMPLICIT_RETAIN_SELF = YES;
				CLANG_WARN_OBJC_LITERAL_CONVERSION = YES;
				CLANG_WARN_OBJC_ROOT_CLASS = YES_ERROR;
				CLANG_WARN_QUOTED_INCLUDE_IN_FRAMEWORK_HEADER = YES;
				CLANG_WARN_RANGE_LOOP_ANALYSIS = YES;
				CLANG_WARN_STRICT_PROTOTYPES = YES;
				CLANG_WARN_SUSPICIOUS_MOVE = YES;
				CLANG_WARN_UNGUARDED_AVAILABILITY = YES_AGGRESSIVE;
				CLANG_WARN_UNREACHABLE_CODE = YES;
				CLANG_WARN__DUPLICATE_METHOD_MATCH = YES;
				COPY_PHASE_STRIP = NO;
				DEBUG_INFORMATION_FORMAT = "dwarf-with-dsym";
				ENABLE_NS_ASSERTIONS = NO;
				ENABLE_STRICT_OBJC_MSGSEND = YES;
				ENABLE_USER_SCRIPT_SANDBOXING = YES;
				GCC_C_LANGUAGE_STANDARD = gnu17;
				GCC_NO_COMMON_BLOCKS = YES;
				GCC_WARN_64_TO_32_BIT_CONVERSION = YES;
				GCC_WARN_ABOUT_RETURN_TYPE = YES_ERROR;
				GCC_WARN_UNDECLARED_SELECTOR = YES;
				GCC_WARN_UNINITIALIZED_AUTOS = YES_AGGRESSIVE;
				GCC_WARN_UNUSED_FUNCTION = YES;
				GCC_WARN_UNUSED_VARIABLE = YES;
				IPHONEOS_DEPLOYMENT_TARGET = 14.0;
				LOCALIZATION_PREFERS_STRING_CATALOGS = YES;
				MTL_ENABLE_DEBUG_INFO = NO;
				MTL_FAST_MATH = YES;
				SDKROOT = iphoneos;
				SWIFT_COMPILATION_MODE = wholemodule;
				VALIDATE_PRODUCT = YES;
			};
			name = Release;
		};
		2553F0312A9AF3B700F07A3A /* Debug */ = {
			isa = XCBuildConfiguration;
			buildSettings = {
				ASSETCATALOG_COMPILER_APPICON_NAME = AppIcon;
				ASSETCATALOG_COMPILER_GLOBAL_ACCENT_COLOR_NAME = AccentColor;
				CODE_SIGN_STYLE = Automatic;
				CURRENT_PROJECT_VERSION = 1;
				DEVELOPMENT_TEAM = U8UTEYQGFA;
				GENERATE_INFOPLIST_FILE = YES;
				INFOPLIST_FILE = VoirDemo/Application/Info.plist;
				INFOPLIST_KEY_UIApplicationSupportsIndirectInputEvents = YES;
				INFOPLIST_KEY_UILaunchStoryboardName = LaunchScreen;
				INFOPLIST_KEY_UISupportedInterfaceOrientations_iPad = "UIInterfaceOrientationPortrait UIInterfaceOrientationPortraitUpsideDown UIInterfaceOrientationLandscapeLeft UIInterfaceOrientationLandscapeRight";
				INFOPLIST_KEY_UISupportedInterfaceOrientations_iPhone = "UIInterfaceOrientationPortrait UIInterfaceOrientationLandscapeLeft UIInterfaceOrientationLandscapeRight";
				LD_RUNPATH_SEARCH_PATHS = (
					"$(inherited)",
					"@executable_path/Frameworks",
				);
				MARKETING_VERSION = 1.0;
				PRODUCT_BUNDLE_IDENTIFIER = io.github.arthurdapaz.VoirDemo;
				PRODUCT_NAME = "$(TARGET_NAME)";
				SWIFT_EMIT_LOC_STRINGS = YES;
				SWIFT_VERSION = 5.0;
				TARGETED_DEVICE_FAMILY = "1,2";
			};
			name = Debug;
		};
		2553F0322A9AF3B700F07A3A /* Release */ = {
			isa = XCBuildConfiguration;
			buildSettings = {
				ASSETCATALOG_COMPILER_APPICON_NAME = AppIcon;
				ASSETCATALOG_COMPILER_GLOBAL_ACCENT_COLOR_NAME = AccentColor;
				CODE_SIGN_STYLE = Automatic;
				CURRENT_PROJECT_VERSION = 1;
				DEVELOPMENT_TEAM = U8UTEYQGFA;
				GENERATE_INFOPLIST_FILE = YES;
				INFOPLIST_FILE = VoirDemo/Application/Info.plist;
				INFOPLIST_KEY_UIApplicationSupportsIndirectInputEvents = YES;
				INFOPLIST_KEY_UILaunchStoryboardName = LaunchScreen;
				INFOPLIST_KEY_UISupportedInterfaceOrientations_iPad = "UIInterfaceOrientationPortrait UIInterfaceOrientationPortraitUpsideDown UIInterfaceOrientationLandscapeLeft UIInterfaceOrientationLandscapeRight";
				INFOPLIST_KEY_UISupportedInterfaceOrientations_iPhone = "UIInterfaceOrientationPortrait UIInterfaceOrientationLandscapeLeft UIInterfaceOrientationLandscapeRight";
				LD_RUNPATH_SEARCH_PATHS = (
					"$(inherited)",
					"@executable_path/Frameworks",
				);
				MARKETING_VERSION = 1.0;
				PRODUCT_BUNDLE_IDENTIFIER = io.github.arthurdapaz.VoirDemo;
				PRODUCT_NAME = "$(TARGET_NAME)";
				SWIFT_EMIT_LOC_STRINGS = YES;
				SWIFT_VERSION = 5.0;
				TARGETED_DEVICE_FAMILY = "1,2";
			};
			name = Release;
		};
/* End XCBuildConfiguration section */

/* Begin XCConfigurationList section */
		2553F0172A9AF3B600F07A3A /* Build configuration list for PBXProject "VoirBuilderDemo" */ = {
			isa = XCConfigurationList;
			buildConfigurations = (
				2553F02E2A9AF3B700F07A3A /* Debug */,
				2553F02F2A9AF3B700F07A3A /* Release */,
			);
			defaultConfigurationIsVisible = 0;
			defaultConfigurationName = Release;
		};
		2553F0302A9AF3B700F07A3A /* Build configuration list for PBXNativeTarget "VoirBuilderDemo" */ = {
			isa = XCConfigurationList;
			buildConfigurations = (
				2553F0312A9AF3B700F07A3A /* Debug */,
				2553F0322A9AF3B700F07A3A /* Release */,
			);
			defaultConfigurationIsVisible = 0;
			defaultConfigurationName = Release;
		};
/* End XCConfigurationList section */

/* Begin XCLocalSwiftPackageReference section */
		256524EA2AA4659900D06305 /* XCLocalSwiftPackageReference "../.." */ = {
			isa = XCLocalSwiftPackageReference;
			relativePath = ../..;
		};
/* End XCLocalSwiftPackageReference section */

/* Begin XCSwiftPackageProductDependency section */
		256524EB2AA4659900D06305 /* VoirBuilder */ = {
			isa = XCSwiftPackageProductDependency;
			productName = VoirBuilder;
		};
/* End XCSwiftPackageProductDependency section */
	};
	rootObject = 2553F0142A9AF3B600F07A3A /* Project object */;
}
